
Microsoft Visual Studio Solution File, Format Version 12.00
# Visual Studio Version 17
VisualStudioVersion = 17.10.34928.147
MinimumVisualStudioVersion = 10.0.40219.1
Project("{FAE04EC0-301F-11D3-BF4B-00C04F79EFBC}") = "Sample.Metrics", "Sample.Metrics\Sample.Metrics.csproj", "{C6D5FAE4-B33D-4C7C-A207-8AEEDFC0AFB1}"
EndProject
Global
	GlobalSection(SolutionConfigurationPlatforms) = preSolution
		Debug|Any CPU = Debug|Any CPU
		Release|Any CPU = Release|Any CPU
	EndGlobalSection
	GlobalSection(ProjectConfigurationPlatforms) = postSolution
		{C6D5FAE4-B33D-4C7C-A207-8AEEDFC0AFB1}.Debug|Any CPU.ActiveCfg = Debug|Any CPU
		{C6D5FAE4-B33D-4C7C-A207-8AEEDFC0AFB1}.Debug|Any CPU.Build.0 = Debug|Any CPU
		{C6D5FAE4-B33D-4C7C-A207-8AEEDFC0AFB1}.Release|Any CPU.ActiveCfg = Release|Any CPU
		{C6D5FAE4-B33D-4C7C-A207-8AEEDFC0AFB1}.Release|Any CPU.Build.0 = Release|Any CPU
	EndGlobalSection
	GlobalSection(SolutionProperties) = preSolution
		HideSolutionNode = FALSE
	EndGlobalSection
	GlobalSection(ExtensibilityGlobals) = postSolution
		SolutionGuid = {7E29AD7B-A3B3-4F64-933F-F14E6EF77D21}
	EndGlobalSection
EndGlobal
